
Microsoft Visual Studio Solution File, Format Version 12.00
# Visual Studio 2013
VisualStudioVersion = 12.0.21005.1
MinimumVisualStudioVersion = 10.0.40219.1
Project("{FAE04EC0-301F-11D3-BF4B-00C04F79EFBC}") = "E-LearningFCIH.DAL", "E-LearningFCIH.DAL\E-LearningFCIH.DAL.csproj", "{EA6203B1-E764-4389-A41C-3BF18C217C70}"
EndProject
Project("{FAE04EC0-301F-11D3-BF4B-00C04F79EFBC}") = "E-LearningFCISite", "C:\Users\hany ahmed\Desktop\E-LearningFCISite\E-LearningFCISite\E-LearningFCISite.csproj", "{17491327-DC7D-410F-95DE-A039C1F40514}"
EndProject
Global
	GlobalSection(SolutionConfigurationPlatforms) = preSolution
		Debug|Any CPU = Debug|Any CPU
		Release|Any CPU = Release|Any CPU
	EndGlobalSection
	GlobalSection(ProjectConfigurationPlatforms) = postSolution
		{EA6203B1-E764-4389-A41C-3BF18C217C70}.Debug|Any CPU.ActiveCfg = Debug|Any CPU
		{EA6203B1-E764-4389-A41C-3BF18C217C70}.Debug|Any CPU.Build.0 = Debug|Any CPU
		{EA6203B1-E764-4389-A41C-3BF18C217C70}.Release|Any CPU.ActiveCfg = Release|Any CPU
		{EA6203B1-E764-4389-A41C-3BF18C217C70}.Release|Any CPU.Build.0 = Release|Any CPU
		{17491327-DC7D-410F-95DE-A039C1F40514}.Debug|Any CPU.ActiveCfg = Debug|Any CPU
		{17491327-DC7D-410F-95DE-A039C1F40514}.Debug|Any CPU.Build.0 = Debug|Any CPU
		{17491327-DC7D-410F-95DE-A039C1F40514}.Release|Any CPU.ActiveCfg = Release|Any CPU
		{17491327-DC7D-410F-95DE-A039C1F40514}.Release|Any CPU.Build.0 = Release|Any CPU
	EndGlobalSection
	GlobalSection(SolutionProperties) = preSolution
		HideSolutionNode = FALSE
	EndGlobalSection
EndGlobal
